# THIS IS AN AUTOGENERATED FILE. DO NOT EDIT THIS FILE DIRECTLY.
# yarn lockfile v1


"@babel/code-frame@7.12.11":
  version "7.12.11"
  resolved "https://registry.npmjs.org/@babel/code-frame/-/code-frame-7.12.11.tgz"
  integrity sha512-Zt1yodBx1UcyiePMSkWnU4hPqhwq7hGi2nFL1LeA3EUl+q2LQx16MISgJ0+z7dnmgvP9QtIleuETGOiOH1RcIw==
  dependencies:
    "@babel/highlight" "^7.10.4"

"@babel/helper-validator-identifier@^7.12.11":
  version "7.12.11"
  resolved "https://registry.npmjs.org/@babel/helper-validator-identifier/-/helper-validator-identifier-7.12.11.tgz"
  integrity sha512-np/lG3uARFybkoHokJUmf1QfEvRVCPbmQeUQpKow5cQ3xWrV9i3rUHodKDJPQfTVX61qKi+UdYk8kik84n7XOw==

"@babel/highlight@^7.10.4":
  version "7.13.8"
  resolved "https://registry.npmjs.org/@babel/highlight/-/highlight-7.13.8.tgz"
  integrity sha512-4vrIhfJyfNf+lCtXC2ck1rKSzDwciqF7IWFhXXrSOUC2O5DrVp+w4c6ed4AllTxhTkUP5x2tYj41VaxdVMMRDw==
  dependencies:
    "@babel/helper-validator-identifier" "^7.12.11"
    chalk "^2.0.0"
    js-tokens "^4.0.0"

"@eslint/eslintrc@^0.4.0":
  version "0.4.0"
  resolved "https://registry.npmjs.org/@eslint/eslintrc/-/eslintrc-0.4.0.tgz"
  integrity sha512-2ZPCc+uNbjV5ERJr+aKSPRwZgKd2z11x0EgLvb1PURmUrn9QNRXFqje0Ldq454PfAVyaJYyrDvvIKSFP4NnBog==
  dependencies:
    ajv "^6.12.4"
    debug "^4.1.1"
    espree "^7.3.0"
    globals "^12.1.0"
    ignore "^4.0.6"
    import-fresh "^3.2.1"
    js-yaml "^3.13.1"
    minimatch "^3.0.4"
    strip-json-comments "^3.1.1"

"@excalidraw/eslint-config@1.0.1":
  version "1.0.1"
  resolved "https://registry.npmjs.org/@excalidraw/eslint-config/-/eslint-config-1.0.1.tgz"
  integrity sha512-BUkZLH2M1sPA/wPbho8w8yJhSY+jdd4lB9fs2Dn606ZutlDKXVMnn8LqrtAlYiJlRYwi6EQRgGdVkNrHCOssjg==

"@excalidraw/prettier-config@1.0.2":
  version "1.0.2"
  resolved "https://registry.npmjs.org/@excalidraw/prettier-config/-/prettier-config-1.0.2.tgz"
  integrity sha512-rFIq8+A8WvkEzBsF++Rw6gzxE+hU3ZNkdg8foI+Upz2y/rOC/gUpWJaggPbCkoH3nlREVU59axQjZ1+F6ePRGg==

"@nodelib/fs.scandir@2.1.4":
  version "2.1.4"
  resolved "https://registry.npmjs.org/@nodelib/fs.scandir/-/fs.scandir-2.1.4.tgz"
  integrity sha512-33g3pMJk3bg5nXbL/+CY6I2eJDzZAni49PfJnL5fghPTggPvBd/pFNSgJsdAgWptuFu7qq/ERvOYFlhvsLTCKA==
  dependencies:
    "@nodelib/fs.stat" "2.0.4"
    run-parallel "^1.1.9"

"@nodelib/fs.stat@^2.0.2", "@nodelib/fs.stat@2.0.4":
  version "2.0.4"
  resolved "https://registry.npmjs.org/@nodelib/fs.stat/-/fs.stat-2.0.4.tgz"
  integrity sha512-IYlHJA0clt2+Vg7bccq+TzRdJvv19c2INqBSsoOLp1je7xjtr7J26+WXR72MCdvU9q1qTzIWDfhMf+DRvQJK4Q==

"@nodelib/fs.walk@^1.2.3":
  version "1.2.6"
  resolved "https://registry.npmjs.org/@nodelib/fs.walk/-/fs.walk-1.2.6.tgz"
  integrity sha512-8Broas6vTtW4GIXTAHDoE32hnN2M5ykgCpWGbuXHQ15vEMqr23pB76e/GZcYsZCHALv50ktd24qhEyKr6wBtow==
  dependencies:
    "@nodelib/fs.scandir" "2.1.4"
    fastq "^1.6.0"

"@socket.io/component-emitter@~3.1.0":
  version "3.1.0"
  resolved "https://registry.npmjs.org/@socket.io/component-emitter/-/component-emitter-3.1.0.tgz"
  integrity sha512-+9jVqKhRSpsc591z5vX+X5Yyw+he/HCB4iQ/RYxw35CEPaY1gnsNE43nf9n9AaYjAQrTiI/mOwKUKdUs9vf7Xg==

"@types/body-parser@*":
  version "1.19.0"
  resolved "https://registry.npmjs.org/@types/body-parser/-/body-parser-1.19.0.tgz"
  integrity sha512-W98JrE0j2K78swW4ukqMleo8R7h/pFETjM2DQ90MF6XK2i4LO4W3gQ71Lt4w3bfm2EvVSyWHplECvB5sK22yFQ==
  dependencies:
    "@types/connect" "*"
    "@types/node" "*"

"@types/connect@*":
  version "3.4.33"
  resolved "https://registry.npmjs.org/@types/connect/-/connect-3.4.33.tgz"
  integrity sha512-2+FrkXY4zllzTNfJth7jOqEHC+enpLeGslEhpnTAkg21GkRrWV4SsAtqchtT4YS9/nODBU2/ZfsBY2X4J/dX7A==
  dependencies:
    "@types/node" "*"

"@types/cookie@^0.4.1":
  version "0.4.1"
  resolved "https://registry.npmjs.org/@types/cookie/-/cookie-0.4.1.tgz"
  integrity sha512-XW/Aa8APYr6jSVVA1y/DEIZX0/GMKLEVekNG727R8cs56ahETkRAy/3DR7+fJyh7oUgGwNQaRfXCun0+KbWY7Q==

"@types/cors@^2.8.12":
  version "2.8.13"
  resolved "https://registry.npmjs.org/@types/cors/-/cors-2.8.13.tgz"
  integrity sha512-RG8AStHlUiV5ysZQKq97copd2UmVYw3/pRMLefISZ3S1hK104Cwm7iLQ3fTKx+lsUH2CE8FlLaYeEA2LSeqYUA==
  dependencies:
    "@types/node" "*"

"@types/debug@4.1.5":
  version "4.1.5"
  resolved "https://registry.npmjs.org/@types/debug/-/debug-4.1.5.tgz"
  integrity sha512-Q1y515GcOdTHgagaVFhHnIFQ38ygs/kmxdNpvpou+raI9UO3YZcHDngBSYKQklcKlvA7iuQlmIKbzvmxcOE9CQ==

"@types/express-serve-static-core@*", "@types/express-serve-static-core@^4.17.18":
  version "4.17.18"
  resolved "https://registry.npmjs.org/@types/express-serve-static-core/-/express-serve-static-core-4.17.18.tgz"
  integrity sha512-m4JTwx5RUBNZvky/JJ8swEJPKFd8si08pPF2PfizYjGZOKr/svUWPcoUmLow6MmPzhasphB7gSTINY67xn3JNA==
  dependencies:
    "@types/node" "*"
    "@types/qs" "*"
    "@types/range-parser" "*"

"@types/express@*", "@types/express@4.17.11":
  version "4.17.11"
  resolved "https://registry.npmjs.org/@types/express/-/express-4.17.11.tgz"
  integrity sha512-no+R6rW60JEc59977wIxreQVsIEOAYwgCqldrA/vkpCnbD7MqTefO97lmoBe4WE0F156bC4uLSP1XHDOySnChg==
  dependencies:
    "@types/body-parser" "*"
    "@types/express-serve-static-core" "^4.17.18"
    "@types/qs" "*"
    "@types/serve-static" "*"

"@types/fs-extra@^11.0.1":
  version "11.0.1"
  resolved "https://registry.npmjs.org/@types/fs-extra/-/fs-extra-11.0.1.tgz"
  integrity sha512-MxObHvNl4A69ofaTRU8DFqvgzzv8s9yRtaPPm5gud9HDNvpB3GPQFvNuTWAI59B9huVGV5jXYJwbCsmBsOGYWA==
  dependencies:
    "@types/jsonfile" "*"
    "@types/node" "*"

"@types/json-schema@^7.0.3":
  version "7.0.7"
  resolved "https://registry.npmjs.org/@types/json-schema/-/json-schema-7.0.7.tgz"
  integrity sha512-cxWFQVseBm6O9Gbw1IWb8r6OS4OhSt3hPZLkFApLjM8TEXROBuQGLAH2i2gZpcXdLBIrpXuTDhH7Vbm1iXmNGA==

"@types/jsonfile@*":
  version "6.1.1"
  resolved "https://registry.npmjs.org/@types/jsonfile/-/jsonfile-6.1.1.tgz"
  integrity sha512-GSgiRCVeapDN+3pqA35IkQwasaCh/0YFH5dEF6S88iDvEn901DjOeH3/QPY+XYP1DFzDZPvIvfeEgk+7br5png==
  dependencies:
    "@types/node" "*"

"@types/mime@*":
  version "2.0.1"
  resolved "https://registry.npmjs.org/@types/mime/-/mime-2.0.1.tgz"
  integrity sha512-FwI9gX75FgVBJ7ywgnq/P7tw+/o1GUbtP0KzbtusLigAOgIgNISRK0ZPl4qertvXSIE8YbsVJueQ90cDt9YYyw==

"@types/multer@^1.4.7":
  version "1.4.7"
  resolved "https://registry.npmjs.org/@types/multer/-/multer-1.4.7.tgz"
  integrity sha512-/SNsDidUFCvqqcWDwxv2feww/yqhNeTRL5CVoL3jU4Goc4kKEL10T7Eye65ZqPNi4HRx8sAEX59pV1aEH7drNA==
  dependencies:
    "@types/express" "*"

"@types/node@*", "@types/node@14.14.31":
  version "14.14.31"
  resolved "https://registry.npmjs.org/@types/node/-/node-14.14.31.tgz"
  integrity sha512-vFHy/ezP5qI0rFgJ7aQnjDXwAMrG0KqqIH7tQG5PPv3BWBayOPIQNBjVc/P6hhdZfMx51REc6tfDNXHUio893g==

"@types/node@>=10.0.0":
  version "20.4.1"

"@types/qs@*":
  version "6.9.1"

"@types/range-parser@*":
  version "1.2.3"

"@types/serve-static@*":
  version "1.13.3"
  dependencies:
    "@types/express-serve-static-core" "*"
    "@types/mime" "*"

"@types/strip-bom@^3.0.0":
  version "3.0.0"

"@types/strip-json-comments@0.0.30":
  version "0.0.30"

"@types/webidl-conversions@*":
  version "7.0.0"

"@types/whatwg-url@^8.2.1":
  version "8.2.2"
  dependencies:
    "@types/node" "*"
    "@types/webidl-conversions" "*"

"@typescript-eslint/eslint-plugin@>=4", "@typescript-eslint/eslint-plugin@4.16.1":
  version "4.16.1"
  dependencies:
    "@typescript-eslint/experimental-utils" "4.16.1"
    "@typescript-eslint/scope-manager" "4.16.1"
    debug "^4.1.1"
    functional-red-black-tree "^1.0.1"
    lodash "^4.17.15"
    regexpp "^3.0.0"
    semver "^7.3.2"
    tsutils "^3.17.1"

"@typescript-eslint/experimental-utils@4.16.1":
  version "4.16.1"
  dependencies:
    "@types/json-schema" "^7.0.3"
    "@typescript-eslint/scope-manager" "4.16.1"
    "@typescript-eslint/types" "4.16.1"
    "@typescript-eslint/typescript-estree" "4.16.1"
    eslint-scope "^5.0.0"
    eslint-utils "^2.0.0"

"@typescript-eslint/parser@^4.0.0", "@typescript-eslint/parser@>=4", "@typescript-eslint/parser@4.16.1":
  version "4.16.1"
  dependencies:
    "@typescript-eslint/scope-manager" "4.16.1"
    "@typescript-eslint/types" "4.16.1"
    "@typescript-eslint/typescript-estree" "4.16.1"
    debug "^4.1.1"

"@typescript-eslint/scope-manager@4.16.1":
  version "4.16.1"
  dependencies:
    "@typescript-eslint/types" "4.16.1"
    "@typescript-eslint/visitor-keys" "4.16.1"

"@typescript-eslint/types@4.16.1":
  version "4.16.1"

"@typescript-eslint/typescript-estree@4.16.1":
  version "4.16.1"
  dependencies:
    "@typescript-eslint/types" "4.16.1"
    "@typescript-eslint/visitor-keys" "4.16.1"
    debug "^4.1.1"
    globby "^11.0.1"
    is-glob "^4.0.1"
    semver "^7.3.2"
    tsutils "^3.17.1"

"@typescript-eslint/visitor-keys@4.16.1":
  version "4.16.1"
  dependencies:
    "@typescript-eslint/types" "4.16.1"
    eslint-visitor-keys "^2.0.0"

abbrev@1:
  version "1.1.1"

accepts@~1.3.4:
  version "1.3.7"
  dependencies:
    mime-types "~2.1.24"
    negotiator "0.6.2"

accepts@~1.3.8:
  version "1.3.8"
  dependencies:
    mime-types "~2.1.34"
    negotiator "0.6.3"

acorn-jsx@^5.3.1:
  version "5.3.1"

"acorn@^6.0.0 || ^7.0.0 || ^8.0.0", acorn@^7.4.0:
  version "7.4.1"

ajv@^6.10.0, ajv@^6.12.4:
  version "6.12.6"
  dependencies:
    fast-deep-equal "^3.1.1"
    fast-json-stable-stringify "^2.0.0"
    json-schema-traverse "^0.4.1"
    uri-js "^4.2.2"

ajv@^7.0.2:
  version "7.1.1"
  dependencies:
    fast-deep-equal "^3.1.1"
    json-schema-traverse "^1.0.0"
    require-from-string "^2.0.2"
    uri-js "^4.2.2"

ansi-colors@^4.1.1:
  version "4.1.1"

ansi-regex@^5.0.0:
  version "5.0.0"

ansi-styles@^3.2.1:
  version "3.2.1"
  dependencies:
    color-convert "^1.9.0"

ansi-styles@^4.0.0, ansi-styles@^4.1.0:
  version "4.3.0"
  dependencies:
    color-convert "^2.0.1"

anymatch@~3.1.1:
  version "3.1.1"
  dependencies:
    normalize-path "^3.0.0"
    picomatch "^2.0.4"

anymatch@~3.1.2:
  version "3.1.3"
  dependencies:
    normalize-path "^3.0.0"
    picomatch "^2.0.4"

append-field@^1.0.0:
  version "1.0.0"

arg@^4.1.0:
  version "4.1.3"

argparse@^1.0.7:
  version "1.0.10"
  dependencies:
    sprintf-js "~1.0.2"

array-flatten@1.1.1:
  version "1.1.1"

array-union@^2.1.0:
  version "2.1.0"

astral-regex@^2.0.0:
  version "2.0.0"

balanced-match@^1.0.0:
  version "1.0.0"

base64id@~2.0.0, base64id@2.0.0:
  version "2.0.0"

binary-extensions@^2.0.0:
  version "2.2.0"

body-parser@1.20.1:
  version "1.20.1"
  dependencies:
    bytes "3.1.2"
    content-type "~1.0.4"
    debug "2.6.9"
    depd "2.0.0"
    destroy "1.2.0"
    http-errors "2.0.0"
    iconv-lite "0.4.24"
    on-finished "2.4.1"
    qs "6.11.0"
    raw-body "2.5.1"
    type-is "~1.6.18"
    unpipe "1.0.0"

brace-expansion@^1.1.7:
  version "1.1.11"
  dependencies:
    balanced-match "^1.0.0"
    concat-map "0.0.1"

braces@^3.0.1, braces@~3.0.2:
  version "3.0.2"
  dependencies:
    fill-range "^7.0.1"

bson@^5.3.0:
  version "5.4.0"

buffer-from@^1.0.0:
  version "1.1.1"

busboy@^1.0.0:
  version "1.6.0"
  dependencies:
    streamsearch "^1.1.0"

bytes@3.1.2:
  version "3.1.2"

call-bind@^1.0.0:
  version "1.0.2"
  dependencies:
    function-bind "^1.1.1"
    get-intrinsic "^1.0.2"

callsites@^3.0.0:
  version "3.1.0"

chalk@^2.0.0:
  version "2.4.2"
  dependencies:
    ansi-styles "^3.2.1"
    escape-string-regexp "^1.0.5"
    supports-color "^5.3.0"

chalk@^4.0.0:
  version "4.1.0"
  dependencies:
    ansi-styles "^4.1.0"
    supports-color "^7.1.0"

chokidar@^3.5.1:
  version "3.5.1"
  dependencies:
    anymatch "~3.1.1"
    braces "~3.0.2"
    glob-parent "~5.1.0"
    is-binary-path "~2.1.0"
    is-glob "~4.0.1"
    normalize-path "~3.0.0"
    readdirp "~3.5.0"
  optionalDependencies:
    fsevents "~2.3.1"

chokidar@^3.5.2:
  version "3.5.3"
  dependencies:
    anymatch "~3.1.2"
    braces "~3.0.2"
    glob-parent "~5.1.2"
    is-binary-path "~2.1.0"
    is-glob "~4.0.1"
    normalize-path "~3.0.0"
    readdirp "~3.6.0"
  optionalDependencies:
    fsevents "~2.3.2"

color-convert@^1.9.0:
  version "1.9.3"
  dependencies:
    color-name "1.1.3"

color-convert@^2.0.1:
  version "2.0.1"
  dependencies:
    color-name "~1.1.4"

color-name@~1.1.4:
  version "1.1.4"

color-name@1.1.3:
  version "1.1.3"

concat-map@0.0.1:
  version "0.0.1"

concat-stream@^1.5.2:
  version "1.6.2"
  dependencies:
    buffer-from "^1.0.0"
    inherits "^2.0.3"
    readable-stream "^2.2.2"
    typedarray "^0.0.6"

content-disposition@0.5.4:
  version "0.5.4"
  dependencies:
    safe-buffer "5.2.1"

content-type@~1.0.4:
  version "1.0.4"

cookie-signature@1.0.6:
  version "1.0.6"

cookie@~0.4.1:
  version "0.4.2"

cookie@0.5.0:
  version "0.5.0"

core-util-is@~1.0.0:
  version "1.0.3"

cors@^2.8.5:
  version "2.8.5"
  dependencies:
    object-assign "^4"
    vary "^1"

cors@~2.8.5:
  version "2.8.5"
  dependencies:
    object-assign "^4"
    vary "^1"

create-require@^1.1.0:
  version "1.1.1"

cross-env@^7.0.3:
  version "7.0.3"
  dependencies:
    cross-spawn "^7.0.1"

cross-spawn@^7.0.1, cross-spawn@^7.0.2:
  version "7.0.3"
  dependencies:
    path-key "^3.1.0"
    shebang-command "^2.0.0"
    which "^2.0.1"

debug@^3.2.7:
  version "3.2.7"
  dependencies:
    ms "^2.1.1"

debug@^4.0.1, debug@^4.1.1, debug@4.3.1:
  version "4.3.1"
  dependencies:
    ms "2.1.2"

debug@~4.3.1:
  version "4.3.4"
  dependencies:
    ms "2.1.2"

debug@~4.3.2:
  version "4.3.4"
  dependencies:
    ms "2.1.2"

debug@2.6.9:
  version "2.6.9"
  dependencies:
    ms "2.0.0"

debug@4.x:
  version "4.3.4"
  dependencies:
    ms "2.1.2"

deep-is@^0.1.3:
  version "0.1.3"

depd@2.0.0:
  version "2.0.0"

destroy@1.2.0:
  version "1.2.0"

diff@^4.0.1:
  version "4.0.2"

dir-glob@^3.0.1:
  version "3.0.1"
  dependencies:
    path-type "^4.0.0"

doctrine@^3.0.0:
  version "3.0.0"
  dependencies:
    esutils "^2.0.2"

dotenv@^10.0.0:
  version "10.0.0"
  resolved "https://registry.npmjs.org/dotenv/-/dotenv-10.0.0.tgz"
  integrity sha512-rlBi9d8jpv9Sf1klPjNfFAuWDjKLwTIJJ/VxtoTwIR6hnZxcEOQCZg2oIL3MWBYw5GpUDKOEnND7LXTbIpQ03Q==

dynamic-dedupe@^0.3.0:
  version "0.3.0"
  dependencies:
    xtend "^4.0.0"

ee-first@1.1.1:
  version "1.1.1"

emoji-regex@^8.0.0:
  version "8.0.0"

encodeurl@~1.0.2:
  version "1.0.2"

engine.io-parser@~5.1.0:
  version "5.1.0"

engine.io@~6.5.0:
  version "6.5.1"
  dependencies:
    "@types/cookie" "^0.4.1"
    "@types/cors" "^2.8.12"
    "@types/node" ">=10.0.0"
    accepts "~1.3.4"
    base64id "2.0.0"
    cookie "~0.4.1"
    cors "~2.8.5"
    debug "~4.3.1"
    engine.io-parser "~5.1.0"
    ws "~8.11.0"

enquirer@^2.3.5:
  version "2.3.6"
  dependencies:
    ansi-colors "^4.1.1"

escape-html@~1.0.3:
  version "1.0.3"

escape-string-regexp@^1.0.5:
  version "1.0.5"

eslint-config-prettier@>=7, eslint-config-prettier@8.1.0:
  version "8.1.0"

eslint-plugin-prettier@>=3, eslint-plugin-prettier@3.3.1:
  version "3.3.1"
  dependencies:
    prettier-linter-helpers "^1.0.0"

eslint-scope@^5.0.0, eslint-scope@^5.1.1:
  version "5.1.1"
  dependencies:
    esrecurse "^4.3.0"
    estraverse "^4.1.1"

eslint-utils@^2.0.0, eslint-utils@^2.1.0:
  version "2.1.0"
  dependencies:
    eslint-visitor-keys "^1.1.0"

eslint-visitor-keys@^1.1.0, eslint-visitor-keys@^1.3.0:
  version "1.3.0"

eslint-visitor-keys@^2.0.0:
  version "2.0.0"

eslint@*, "eslint@^5.0.0 || ^6.0.0 || ^7.0.0", eslint@>=5.0.0, eslint@>=7, eslint@>=7.0.0, eslint@7.21.0:
  version "7.21.0"
  dependencies:
    "@babel/code-frame" "7.12.11"
    "@eslint/eslintrc" "^0.4.0"
    ajv "^6.10.0"
    chalk "^4.0.0"
    cross-spawn "^7.0.2"
    debug "^4.0.1"
    doctrine "^3.0.0"
    enquirer "^2.3.5"
    eslint-scope "^5.1.1"
    eslint-utils "^2.1.0"
    eslint-visitor-keys "^2.0.0"
    espree "^7.3.1"
    esquery "^1.4.0"
    esutils "^2.0.2"
    file-entry-cache "^6.0.1"
    functional-red-black-tree "^1.0.1"
    glob-parent "^5.0.0"
    globals "^12.1.0"
    ignore "^4.0.6"
    import-fresh "^3.0.0"
    imurmurhash "^0.1.4"
    is-glob "^4.0.0"
    js-yaml "^3.13.1"
    json-stable-stringify-without-jsonify "^1.0.1"
    levn "^0.4.1"
    lodash "^4.17.20"
    minimatch "^3.0.4"
    natural-compare "^1.4.0"
    optionator "^0.9.1"
    progress "^2.0.0"
    regexpp "^3.1.0"
    semver "^7.2.1"
    strip-ansi "^6.0.0"
    strip-json-comments "^3.1.0"
    table "^6.0.4"
    text-table "^0.2.0"
    v8-compile-cache "^2.0.3"

espree@^7.3.0, espree@^7.3.1:
  version "7.3.1"
  dependencies:
    acorn "^7.4.0"
    acorn-jsx "^5.3.1"
    eslint-visitor-keys "^1.3.0"

esprima@^4.0.0:
  version "4.0.1"

esquery@^1.4.0:
  version "1.4.0"
  dependencies:
    estraverse "^5.1.0"

esrecurse@^4.3.0:
  version "4.3.0"
  dependencies:
    estraverse "^5.2.0"

estraverse@^4.1.1:
  version "4.3.0"

estraverse@^5.1.0, estraverse@^5.2.0:
  version "5.2.0"

esutils@^2.0.2:
  version "2.0.3"

etag@~1.8.1:
  version "1.8.1"

express@^4.18.2:
  version "4.18.2"
  dependencies:
    accepts "~1.3.8"
    array-flatten "1.1.1"
    body-parser "1.20.1"
    content-disposition "0.5.4"
    content-type "~1.0.4"
    cookie "0.5.0"
    cookie-signature "1.0.6"
    debug "2.6.9"
    depd "2.0.0"
    encodeurl "~1.0.2"
    escape-html "~1.0.3"
    etag "~1.8.1"
    finalhandler "1.2.0"
    fresh "0.5.2"
    http-errors "2.0.0"
    merge-descriptors "1.0.1"
    methods "~1.1.2"
    on-finished "2.4.1"
    parseurl "~1.3.3"
    path-to-regexp "0.1.7"
    proxy-addr "~2.0.7"
    qs "6.11.0"
    range-parser "~1.2.1"
    safe-buffer "5.2.1"
    send "0.18.0"
    serve-static "1.15.0"
    setprototypeof "1.2.0"
    statuses "2.0.1"
    type-is "~1.6.18"
    utils-merge "1.0.1"
    vary "~1.1.2"

fast-deep-equal@^3.1.1:
  version "3.1.3"

fast-diff@^1.1.2:
  version "1.2.0"

fast-glob@^3.1.1:
  version "3.2.5"
  dependencies:
    "@nodelib/fs.stat" "^2.0.2"
    "@nodelib/fs.walk" "^1.2.3"
    glob-parent "^5.1.0"
    merge2 "^1.3.0"
    micromatch "^4.0.2"
    picomatch "^2.2.1"

fast-json-stable-stringify@^2.0.0:
  version "2.1.0"

fast-levenshtein@^2.0.6:
  version "2.0.6"

fastq@^1.6.0:
  version "1.11.0"
  dependencies:
    reusify "^1.0.4"

file-entry-cache@^6.0.1:
  version "6.0.1"
  dependencies:
    flat-cache "^3.0.4"

fill-range@^7.0.1:
  version "7.0.1"
  dependencies:
    to-regex-range "^5.0.1"

finalhandler@1.2.0:
  version "1.2.0"
  dependencies:
    debug "2.6.9"
    encodeurl "~1.0.2"
    escape-html "~1.0.3"
    on-finished "2.4.1"
    parseurl "~1.3.3"
    statuses "2.0.1"
    unpipe "~1.0.0"

flat-cache@^3.0.4:
  version "3.0.4"
  dependencies:
    flatted "^3.1.0"
    rimraf "^3.0.2"

flatted@^3.1.0:
  version "3.1.1"

forwarded@0.2.0:
  version "0.2.0"

fresh@0.5.2:
  version "0.5.2"

fs-extra@^11.1.1:
  version "11.1.1"
  dependencies:
    graceful-fs "^4.2.0"
    jsonfile "^6.0.1"
    universalify "^2.0.0"

fs.realpath@^1.0.0:
  version "1.0.0"

function-bind@^1.1.1:
  version "1.1.1"

functional-red-black-tree@^1.0.1:
  version "1.0.1"

get-intrinsic@^1.0.2:
  version "1.2.1"
  dependencies:
    function-bind "^1.1.1"
    has "^1.0.3"
    has-proto "^1.0.1"
    has-symbols "^1.0.3"

glob-parent@^5.0.0, glob-parent@^5.1.0, glob-parent@~5.1.0:
  version "5.1.1"
  dependencies:
    is-glob "^4.0.1"

glob-parent@~5.1.2:
  version "5.1.2"
  dependencies:
    is-glob "^4.0.1"

glob@^7.1.3:
  version "7.1.6"
  dependencies:
    fs.realpath "^1.0.0"
    inflight "^1.0.4"
    inherits "2"
    minimatch "^3.0.4"
    once "^1.3.0"
    path-is-absolute "^1.0.0"

globals@^12.1.0:
  version "12.4.0"
  dependencies:
    type-fest "^0.8.1"

globby@^11.0.1:
  version "11.0.2"
  dependencies:
    array-union "^2.1.0"
    dir-glob "^3.0.1"
    fast-glob "^3.1.1"
    ignore "^5.1.4"
    merge2 "^1.3.0"
    slash "^3.0.0"

graceful-fs@^4.1.6, graceful-fs@^4.2.0:
  version "4.2.11"

has-flag@^3.0.0:
  version "3.0.0"

has-flag@^4.0.0:
  version "4.0.0"

has-proto@^1.0.1:
  version "1.0.1"

has-symbols@^1.0.3:
  version "1.0.3"

has@^1.0.3:
  version "1.0.3"
  dependencies:
    function-bind "^1.1.1"

http-errors@2.0.0:
  version "2.0.0"
  dependencies:
    depd "2.0.0"
    inherits "2.0.4"
    setprototypeof "1.2.0"
    statuses "2.0.1"
    toidentifier "1.0.1"

iconv-lite@0.4.24:
  version "0.4.24"
  dependencies:
    safer-buffer ">= 2.1.2 < 3"

ignore-by-default@^1.0.1:
  version "1.0.1"

ignore@^4.0.6:
  version "4.0.6"

ignore@^5.1.4:
  version "5.1.8"

import-fresh@^3.0.0, import-fresh@^3.2.1:
  version "3.3.0"
  dependencies:
    parent-module "^1.0.0"
    resolve-from "^4.0.0"

imurmurhash@^0.1.4:
  version "0.1.4"

inflight@^1.0.4:
  version "1.0.6"
  dependencies:
    once "^1.3.0"
    wrappy "1"

inherits@^2.0.3, inherits@~2.0.3, inherits@2, inherits@2.0.4:
  version "2.0.4"

ip@^2.0.0:
  version "2.0.0"

ipaddr.js@1.9.1:
  version "1.9.1"

is-binary-path@~2.1.0:
  version "2.1.0"
  dependencies:
    binary-extensions "^2.0.0"

is-core-module@^2.1.0:
  version "2.2.0"
  dependencies:
    has "^1.0.3"

is-extglob@^2.1.1:
  version "2.1.1"

is-fullwidth-code-point@^3.0.0:
  version "3.0.0"

is-glob@^4.0.0, is-glob@^4.0.1, is-glob@~4.0.1:
  version "4.0.1"
  dependencies:
    is-extglob "^2.1.1"

is-number@^7.0.0:
  version "7.0.0"

isarray@~1.0.0:
  version "1.0.0"

isexe@^2.0.0:
  version "2.0.0"

js-tokens@^4.0.0:
  version "4.0.0"

js-yaml@^3.13.1:
  version "3.14.1"
  dependencies:
    argparse "^1.0.7"
    esprima "^4.0.0"

json-schema-traverse@^0.4.1:
  version "0.4.1"

json-schema-traverse@^1.0.0:
  version "1.0.0"

json-stable-stringify-without-jsonify@^1.0.1:
  version "1.0.1"

jsonfile@^6.0.1:
  version "6.1.0"
  dependencies:
    universalify "^2.0.0"
  optionalDependencies:
    graceful-fs "^4.1.6"

kareem@2.5.1:
  version "2.5.1"

levn@^0.4.1:
  version "0.4.1"
  dependencies:
    prelude-ls "^1.2.1"
    type-check "~0.4.0"

lodash@^4.17.15, lodash@^4.17.20:
  version "4.17.21"

lru-cache@^6.0.0:
  version "6.0.0"
  dependencies:
    yallist "^4.0.0"

make-error@^1.1.1:
  version "1.3.6"

media-typer@0.3.0:
  version "0.3.0"

memory-pager@^1.0.2:
  version "1.5.0"

merge-descriptors@1.0.1:
  version "1.0.1"

merge2@^1.3.0:
  version "1.4.1"

methods@~1.1.2:
  version "1.1.2"

micromatch@^4.0.2:
  version "4.0.2"
  dependencies:
    braces "^3.0.1"
    picomatch "^2.0.5"

mime-db@1.43.0:
  version "1.43.0"

mime-db@1.52.0:
  version "1.52.0"

mime-types@~2.1.24:
  version "2.1.26"
  dependencies:
    mime-db "1.43.0"

mime-types@~2.1.34:
  version "2.1.35"
  dependencies:
    mime-db "1.52.0"

mime@1.6.0:
  version "1.6.0"

minimatch@^3.0.4:
  version "3.0.4"
  dependencies:
    brace-expansion "^1.1.7"

minimatch@^3.1.2:
  version "3.1.2"
  dependencies:
    brace-expansion "^1.1.7"

minimist@^1.2.5:
  version "1.2.5"

minimist@^1.2.6:
  version "1.2.8"

mkdirp@^0.5.4:
  version "0.5.6"
  dependencies:
    minimist "^1.2.6"

mkdirp@^1.0.4:
  version "1.0.4"

mongodb-connection-string-url@^2.6.0:
  version "2.6.0"
  dependencies:
    "@types/whatwg-url" "^8.2.1"
    whatwg-url "^11.0.0"

mongodb@5.6.0:
  version "5.6.0"
  dependencies:
    bson "^5.3.0"
    mongodb-connection-string-url "^2.6.0"
    socks "^2.7.1"
  optionalDependencies:
    saslprep "^1.0.3"

mongoose@^7.3.2:
  version "7.3.2"
  dependencies:
    bson "^5.3.0"
    kareem "2.5.1"
    mongodb "5.6.0"
    mpath "0.9.0"
    mquery "5.0.0"
    ms "2.1.3"
    sift "16.0.1"

mpath@0.9.0:
  version "0.9.0"

mquery@5.0.0:
  version "5.0.0"
  dependencies:
    debug "4.x"

ms@^2.1.1, ms@2.1.2:
  version "2.1.2"

ms@2.0.0:
  version "2.0.0"

ms@2.1.3:
  version "2.1.3"

multer@^1.4.5-lts.1:
  version "1.4.5-lts.1"
  dependencies:
    append-field "^1.0.0"
    busboy "^1.0.0"
    concat-stream "^1.5.2"
    mkdirp "^0.5.4"
    object-assign "^4.1.1"
    type-is "^1.6.4"
    xtend "^4.0.0"

natural-compare@^1.4.0:
  version "1.4.0"

negotiator@0.6.2:
  version "0.6.2"

negotiator@0.6.3:
  version "0.6.3"

nodemon@^2.0.22:
  version "2.0.22"
  dependencies:
    chokidar "^3.5.2"
    debug "^3.2.7"
    ignore-by-default "^1.0.1"
    minimatch "^3.1.2"
    pstree.remy "^1.1.8"
    semver "^5.7.1"
    simple-update-notifier "^1.0.7"
    supports-color "^5.5.0"
    touch "^3.1.0"
    undefsafe "^2.0.5"

nopt@~1.0.10:
  version "1.0.10"
  dependencies:
    abbrev "1"

normalize-path@^3.0.0, normalize-path@~3.0.0:
  version "3.0.0"

object-assign@^4, object-assign@^4.1.1:
  version "4.1.1"

object-inspect@^1.9.0:
  version "1.12.3"

on-finished@2.4.1:
  version "2.4.1"
  dependencies:
    ee-first "1.1.1"

once@^1.3.0:
  version "1.4.0"
  dependencies:
    wrappy "1"

optionator@^0.9.1:
  version "0.9.1"
  dependencies:
    deep-is "^0.1.3"
    fast-levenshtein "^2.0.6"
    levn "^0.4.1"
    prelude-ls "^1.2.1"
    type-check "^0.4.0"
    word-wrap "^1.2.3"

parent-module@^1.0.0:
  version "1.0.1"
  dependencies:
    callsites "^3.0.0"

parseurl@~1.3.3:
  version "1.3.3"

path-is-absolute@^1.0.0:
  version "1.0.1"

path-key@^3.1.0:
  version "3.1.1"

path-parse@^1.0.6:
  version "1.0.6"

path-to-regexp@0.1.7:
  version "0.1.7"

path-type@^4.0.0:
  version "4.0.0"

picomatch@^2.0.4, picomatch@^2.0.5, picomatch@^2.2.1:
  version "2.2.2"

prelude-ls@^1.2.1:
  version "1.2.1"

prettier-linter-helpers@^1.0.0:
  version "1.0.0"
  dependencies:
    fast-diff "^1.1.2"

prettier@>=1.13.0, prettier@>=2, prettier@2.2.1:
  version "2.2.1"

process-nextick-args@~2.0.0:
  version "2.0.1"

progress@^2.0.0:
  version "2.0.3"

proxy-addr@~2.0.7:
  version "2.0.7"
  dependencies:
    forwarded "0.2.0"
    ipaddr.js "1.9.1"

pstree.remy@^1.1.8:
  version "1.1.8"

punycode@^2.1.0:
  version "2.1.1"

punycode@^2.1.1:
  version "2.3.0"

qs@6.11.0:
  version "6.11.0"
  dependencies:
    side-channel "^1.0.4"

queue-microtask@^1.2.2:
  version "1.2.2"

range-parser@~1.2.1:
  version "1.2.1"

raw-body@2.5.1:
  version "2.5.1"
  dependencies:
    bytes "3.1.2"
    http-errors "2.0.0"
    iconv-lite "0.4.24"
    unpipe "1.0.0"

readable-stream@^2.2.2:
  version "2.3.8"
  dependencies:
    core-util-is "~1.0.0"
    inherits "~2.0.3"
    isarray "~1.0.0"
    process-nextick-args "~2.0.0"
    safe-buffer "~5.1.1"
    string_decoder "~1.1.1"
    util-deprecate "~1.0.1"

readdirp@~3.5.0:
  version "3.5.0"
  dependencies:
    picomatch "^2.2.1"

readdirp@~3.6.0:
  version "3.6.0"
  dependencies:
    picomatch "^2.2.1"

regexpp@^3.0.0, regexpp@^3.1.0:
  version "3.1.0"

require-from-string@^2.0.2:
  version "2.0.2"

resolve-from@^4.0.0:
  version "4.0.0"

resolve@^1.0.0:
  version "1.19.0"
  dependencies:
    is-core-module "^2.1.0"
    path-parse "^1.0.6"

reusify@^1.0.4:
  version "1.0.4"

rimraf@^2.6.1:
  version "2.7.1"
  dependencies:
    glob "^7.1.3"

rimraf@^3.0.2:
  version "3.0.2"
  dependencies:
    glob "^7.1.3"

run-parallel@^1.1.9:
  version "1.2.0"
  dependencies:
    queue-microtask "^1.2.2"

safe-buffer@~5.1.0, safe-buffer@~5.1.1:
  version "5.1.2"

safe-buffer@5.2.1:
  version "5.2.1"

"safer-buffer@>= 2.1.2 < 3":
  version "2.1.2"

saslprep@^1.0.3:
  version "1.0.3"
  dependencies:
    sparse-bitfield "^3.0.3"

semver@^5.7.1:
  version "5.7.2"

semver@^7.2.1, semver@^7.3.2:
  version "7.3.4"
  dependencies:
    lru-cache "^6.0.0"

semver@~7.0.0:
  version "7.0.0"

send@0.18.0:
  version "0.18.0"
  dependencies:
    debug "2.6.9"
    depd "2.0.0"
    destroy "1.2.0"
    encodeurl "~1.0.2"
    escape-html "~1.0.3"
    etag "~1.8.1"
    fresh "0.5.2"
    http-errors "2.0.0"
    mime "1.6.0"
    ms "2.1.3"
    on-finished "2.4.1"
    range-parser "~1.2.1"
    statuses "2.0.1"

serve-static@1.15.0:
  version "1.15.0"
  dependencies:
    encodeurl "~1.0.2"
    escape-html "~1.0.3"
    parseurl "~1.3.3"
    send "0.18.0"

setprototypeof@1.2.0:
  version "1.2.0"

shebang-command@^2.0.0:
  version "2.0.0"
  dependencies:
    shebang-regex "^3.0.0"

shebang-regex@^3.0.0:
  version "3.0.0"

side-channel@^1.0.4:
  version "1.0.4"
  dependencies:
    call-bind "^1.0.0"
    get-intrinsic "^1.0.2"
    object-inspect "^1.9.0"

sift@16.0.1:
  version "16.0.1"

simple-update-notifier@^1.0.7:
  version "1.1.0"
  dependencies:
    semver "~7.0.0"

slash@^3.0.0:
  version "3.0.0"

slice-ansi@^4.0.0:
  version "4.0.0"
  dependencies:
    ansi-styles "^4.0.0"
    astral-regex "^2.0.0"
    is-fullwidth-code-point "^3.0.0"

smart-buffer@^4.2.0:
  version "4.2.0"

socket.io-adapter@~2.5.2:
  version "2.5.2"
  dependencies:
    ws "~8.11.0"

socket.io-parser@~4.2.4:
  version "4.2.4"
  dependencies:
    "@socket.io/component-emitter" "~3.1.0"
    debug "~4.3.1"

socket.io@^4.6.1:
  version "4.7.1"
  dependencies:
    accepts "~1.3.4"
    base64id "~2.0.0"
    cors "~2.8.5"
    debug "~4.3.2"
    engine.io "~6.5.0"
    socket.io-adapter "~2.5.2"
    socket.io-parser "~4.2.4"

socks@^2.7.1:
  version "2.7.1"
  dependencies:
    ip "^2.0.0"
    smart-buffer "^4.2.0"

source-map-support@^0.5.12, source-map-support@^0.5.17:
  version "0.5.19"
  dependencies:
    buffer-from "^1.0.0"
    source-map "^0.6.0"

source-map@^0.6.0:
  version "0.6.1"

sparse-bitfield@^3.0.3:
  version "3.0.3"
  dependencies:
    memory-pager "^1.0.2"

sprintf-js@~1.0.2:
  version "1.0.3"

statuses@2.0.1:
  version "2.0.1"

streamsearch@^1.1.0:
  version "1.1.0"

string_decoder@~1.1.1:
  version "1.1.1"
  dependencies:
    safe-buffer "~5.1.0"

string-width@^4.2.0:
  version "4.2.2"
  dependencies:
    emoji-regex "^8.0.0"
    is-fullwidth-code-point "^3.0.0"
    strip-ansi "^6.0.0"

strip-ansi@^6.0.0:
  version "6.0.0"
  dependencies:
    ansi-regex "^5.0.0"

strip-bom@^3.0.0:
  version "3.0.0"

strip-json-comments@^2.0.0:
  version "2.0.1"

strip-json-comments@^3.1.0, strip-json-comments@^3.1.1:
  version "3.1.1"

supports-color@^5.3.0, supports-color@^5.5.0:
  version "5.5.0"
  dependencies:
    has-flag "^3.0.0"

supports-color@^7.1.0:
  version "7.2.0"
  dependencies:
    has-flag "^4.0.0"

table@^6.0.4:
  version "6.0.7"
  dependencies:
    ajv "^7.0.2"
    lodash "^4.17.20"
    slice-ansi "^4.0.0"
    string-width "^4.2.0"

text-table@^0.2.0:
  version "0.2.0"

to-regex-range@^5.0.1:
  version "5.0.1"
  dependencies:
    is-number "^7.0.0"

toidentifier@1.0.1:
  version "1.0.1"

touch@^3.1.0:
  version "3.1.0"
  dependencies:
    nopt "~1.0.10"

tr46@^3.0.0:
  version "3.0.0"
  dependencies:
    punycode "^2.1.1"

tree-kill@^1.2.2:
  version "1.2.2"

ts-node-dev@^1.1.8:
  version "1.1.8"
  dependencies:
    chokidar "^3.5.1"
    dynamic-dedupe "^0.3.0"
    minimist "^1.2.5"
    mkdirp "^1.0.4"
    resolve "^1.0.0"
    rimraf "^2.6.1"
    source-map-support "^0.5.12"
    tree-kill "^1.2.2"
    ts-node "^9.0.0"
    tsconfig "^7.0.0"

ts-node@^9.0.0:
  version "9.1.1"
  dependencies:
    arg "^4.1.0"
    create-require "^1.1.0"
    diff "^4.0.1"
    make-error "^1.1.1"
    source-map-support "^0.5.17"
    yn "3.1.1"

tsconfig@^7.0.0:
  version "7.0.0"
  dependencies:
    "@types/strip-bom" "^3.0.0"
    "@types/strip-json-comments" "0.0.30"
    strip-bom "^3.0.0"
    strip-json-comments "^2.0.0"

tslib@^1.8.1:
  version "1.14.1"

tsutils@^3.17.1:
  version "3.20.0"
  dependencies:
    tslib "^1.8.1"

type-check@^0.4.0, type-check@~0.4.0:
  version "0.4.0"
  dependencies:
    prelude-ls "^1.2.1"

type-fest@^0.8.1:
  version "0.8.1"

type-is@^1.6.4, type-is@~1.6.18:
  version "1.6.18"
  dependencies:
    media-typer "0.3.0"
    mime-types "~2.1.24"

typedarray@^0.0.6:
  version "0.0.6"

typescript@*, typescript@>=2.7, "typescript@>=2.8.0 || >= 3.2.0-dev || >= 3.3.0-dev || >= 3.4.0-dev || >= 3.5.0-dev || >= 3.6.0-dev || >= 3.6.0-beta || >= 3.7.0-dev || >= 3.7.0-beta", typescript@4.2.3:
  version "4.2.3"

undefsafe@^2.0.5:
  version "2.0.5"

universalify@^2.0.0:
  version "2.0.0"

unpipe@~1.0.0, unpipe@1.0.0:
  version "1.0.0"

uri-js@^4.2.2:
  version "4.4.1"
  dependencies:
    punycode "^2.1.0"

util-deprecate@~1.0.1:
  version "1.0.2"

utils-merge@1.0.1:
  version "1.0.1"

v8-compile-cache@^2.0.3:
  version "2.2.0"

vary@^1, vary@~1.1.2:
  version "1.1.2"

webidl-conversions@^7.0.0:
  version "7.0.0"

whatwg-url@^11.0.0:
  version "11.0.0"
  dependencies:
    tr46 "^3.0.0"
    webidl-conversions "^7.0.0"

which@^2.0.1:
  version "2.0.2"
  dependencies:
    isexe "^2.0.0"

word-wrap@^1.2.3:
  version "1.2.3"

wrappy@1:
  version "1.0.2"

ws@~8.11.0:
  version "8.11.0"

xtend@^4.0.0:
  version "4.0.2"

yallist@^4.0.0:
  version "4.0.0"

yarn@^1.22.19:
  version "1.22.19"

yn@3.1.1:
  version "3.1.1"
